<?xml version="1.0" encoding="utf-8"?>
<Project ToolsVersion="4.0" xmlns="http://schemas.microsoft.com/developer/msbuild/2003">
  <ItemGroup>
    <Filter Include="Main">
      <UniqueIdentifier>{6918bdfe-7ed0-4eac-b98e-dab86585a88c}</UniqueIdentifier>
    </Filter>
    <Filter Include="Util">
      <UniqueIdentifier>{c2f8bf3c-0445-4659-96d3-f8224d61e8ae}</UniqueIdentifier>
    </Filter>
    <Filter Include="Network">
      <UniqueIdentifier>{e83f101f-0537-49c1-b182-c8158676cd08}</UniqueIdentifier>
    </Filter>
    <Filter Include="Model">
      <UniqueIdentifier>{6fd99bcf-b77c-43a6-b65b-30499ca6a2d5}</UniqueIdentifier>
    </Filter>
    <Filter Include="Function">
      <UniqueIdentifier>{a6d52110-34e6-47cd-814b-1778d0211a34}</UniqueIdentifier>
    </Filter>
  </ItemGroup>
  <ItemGroup>
    <ClInclude Include="framework.h">
      <Filter>Main</Filter>
    </ClInclude>
    <ClInclude Include="pch.h">
      <Filter>Main</Filter>
    </ClInclude>
    <ClInclude Include="IncludePart.h">
      <Filter>Util</Filter>
    </ClInclude>
    <ClInclude Include="NeuralNet.h">
      <Filter>Network</Filter>
    </ClInclude>
    <ClInclude Include="MacroPart.h">
      <Filter>Util</Filter>
    </ClInclude>
    <ClInclude Include="ActFunc.h">
      <Filter>Function</Filter>
    </ClInclude>
    <ClInclude Include="RandomGenerator.h">
      <Filter>Util</Filter>
    </ClInclude>
    <ClInclude Include="Timer.h">
      <Filter>Util</Filter>
    </ClInclude>
    <ClInclude Include="NNModel.h">
      <Filter>Model</Filter>
    </ClInclude>
    <ClInclude Include="LossFunc.h">
      <Filter>Function</Filter>
    </ClInclude>
    <ClInclude Include="ExcelManager.h">
      <Filter>Util</Filter>
    </ClInclude>
    <ClInclude Include="Layer.h">
      <Filter>Network</Filter>
    </ClInclude>
    <ClInclude Include="Matrix.h">
      <Filter>Network</Filter>
    </ClInclude>
  </ItemGroup>
  <ItemGroup>
    <ClCompile Include="pch.cpp">
      <Filter>Main</Filter>
    </ClCompile>
    <ClCompile Include="NeuralNet.cpp">
      <Filter>Network</Filter>
    </ClCompile>
    <ClCompile Include="ActFunc.cpp">
      <Filter>Function</Filter>
    </ClCompile>
    <ClCompile Include="RandomGenerator.cpp">
      <Filter>Util</Filter>
    </ClCompile>
    <ClCompile Include="Timer.cpp">
      <Filter>Util</Filter>
    </ClCompile>
    <ClCompile Include="NNModel.cpp">
      <Filter>Model</Filter>
    </ClCompile>
    <ClCompile Include="LossFunc.cpp">
      <Filter>Function</Filter>
    </ClCompile>
    <ClCompile Include="ExcelManager.cpp">
      <Filter>Util</Filter>
    </ClCompile>
    <ClCompile Include="Layer.cpp">
      <Filter>Network</Filter>
    </ClCompile>
    <ClCompile Include="Matrix.cpp">
      <Filter>Network</Filter>
    </ClCompile>
  </ItemGroup>
</Project>