
Microsoft Visual Studio Solution File, Format Version 12.00
# Visual Studio Version 16
VisualStudioVersion = 16.0.31424.327
MinimumVisualStudioVersion = 10.0.40219.1
Project("{8BC9CEB8-8B4A-11D0-8D11-00A0C91BC942}") = "Q_Learning_Grid_System", "Q_Learning_Grid_System\Q_Learning_Grid_System.vcxproj", "{C4ECF96A-7EAE-4A6F-BDED-1391D94636FD}"
EndProject
Global
	GlobalSection(SolutionConfigurationPlatforms) = preSolution
		Debug|x64 = Debug|x64
		Debug|x86 = Debug|x86
		Release|x64 = Release|x64
		Release|x86 = Release|x86
	EndGlobalSection
	GlobalSection(ProjectConfigurationPlatforms) = postSolution
		{C4ECF96A-7EAE-4A6F-BDED-1391D94636FD}.Debug|x64.ActiveCfg = Debug|x64
		{C4ECF96A-7EAE-4A6F-BDED-1391D94636FD}.Debug|x64.Build.0 = Debug|x64
		{C4ECF96A-7EAE-4A6F-BDED-1391D94636FD}.Debug|x86.ActiveCfg = Debug|Win32
		{C4ECF96A-7EAE-4A6F-BDED-1391D94636FD}.Debug|x86.Build.0 = Debug|Win32
		{C4ECF96A-7EAE-4A6F-BDED-1391D94636FD}.Release|x64.ActiveCfg = Release|x64
		{C4ECF96A-7EAE-4A6F-BDED-1391D94636FD}.Release|x64.Build.0 = Release|x64
		{C4ECF96A-7EAE-4A6F-BDED-1391D94636FD}.Release|x86.ActiveCfg = Release|Win32
		{C4ECF96A-7EAE-4A6F-BDED-1391D94636FD}.Release|x86.Build.0 = Release|Win32
	EndGlobalSection
	GlobalSection(SolutionProperties) = preSolution
		HideSolutionNode = FALSE
	EndGlobalSection
	GlobalSection(ExtensibilityGlobals) = postSolution
		SolutionGuid = {4901C464-FC8C-4A74-84A2-1A9E739BED64}
	EndGlobalSection
EndGlobal
