
Microsoft Visual Studio Solution File, Format Version 12.00
# Visual Studio Version 16
VisualStudioVersion = 16.0.31729.503
MinimumVisualStudioVersion = 10.0.40219.1
Project("{8BC9CEB8-8B4A-11D0-8D11-00A0C91BC942}") = "DeepQLearning", "DeepQLearning\DeepQLearning.vcxproj", "{7535A681-6A1C-4DBA-9762-F4B96EECF310}"
EndProject
Global
	GlobalSection(SolutionConfigurationPlatforms) = preSolution
		Debug|x64 = Debug|x64
		Debug|x86 = Debug|x86
		Release|x64 = Release|x64
		Release|x86 = Release|x86
	EndGlobalSection
	GlobalSection(ProjectConfigurationPlatforms) = postSolution
		{7535A681-6A1C-4DBA-9762-F4B96EECF310}.Debug|x64.ActiveCfg = Debug|x64
		{7535A681-6A1C-4DBA-9762-F4B96EECF310}.Debug|x64.Build.0 = Debug|x64
		{7535A681-6A1C-4DBA-9762-F4B96EECF310}.Debug|x86.ActiveCfg = Debug|Win32
		{7535A681-6A1C-4DBA-9762-F4B96EECF310}.Debug|x86.Build.0 = Debug|Win32
		{7535A681-6A1C-4DBA-9762-F4B96EECF310}.Release|x64.ActiveCfg = Release|x64
		{7535A681-6A1C-4DBA-9762-F4B96EECF310}.Release|x64.Build.0 = Release|x64
		{7535A681-6A1C-4DBA-9762-F4B96EECF310}.Release|x86.ActiveCfg = Release|Win32
		{7535A681-6A1C-4DBA-9762-F4B96EECF310}.Release|x86.Build.0 = Release|Win32
	EndGlobalSection
	GlobalSection(SolutionProperties) = preSolution
		HideSolutionNode = FALSE
	EndGlobalSection
	GlobalSection(ExtensibilityGlobals) = postSolution
		SolutionGuid = {026A235E-E7BB-4A75-94E2-BE9DAFB26CD6}
	EndGlobalSection
EndGlobal
